
Microsoft Visual Studio Solution File, Format Version 12.00
# Visual Studio Version 17
VisualStudioVersion = 17.8.34408.163
MinimumVisualStudioVersion = 10.0.40219.1
Project("{2150E333-8FDC-42A3-9474-1A3956D46DE8}") = "Infraestructure", "Infraestructure", "{0BE592CB-E906-45D6-8717-B153AD334E2C}"
EndProject
Project("{2150E333-8FDC-42A3-9474-1A3956D46DE8}") = "Ecommerce.Authentication", "Ecommerce.Authentication", "{C76C033E-8EE4-49A2-B28B-0429FB6F7B56}"
EndProject
Project("{9A19103F-16F7-4668-BE54-9A1E7A4F7556}") = "Ecommerce.Authentication.Api", "Infraestructure\Ecommerce.Authentication\Ecommerce.Authentication.Api\Ecommerce.Authentication.Api.csproj", "{21E9A72C-4560-4BAB-8DBD-99857629D981}"
EndProject
Project("{9A19103F-16F7-4668-BE54-9A1E7A4F7556}") = "Ecommerce.Authentication.Application", "Infraestructure\Ecommerce.Authentication\Ecommerce.Authentication.Application\Ecommerce.Authentication.Application.csproj", "{9E3DDDDA-49F0-4252-B6E4-F44CDD724BC2}"
EndProject
Project("{9A19103F-16F7-4668-BE54-9A1E7A4F7556}") = "Ecommerce.Authentication.Domain", "Infraestructure\Ecommerce.Authentication\Ecommerce.Authentication.Domain\Ecommerce.Authentication.Domain.csproj", "{6925663B-8EAA-495E-8347-61898A372BEB}"
EndProject
Project("{9A19103F-16F7-4668-BE54-9A1E7A4F7556}") = "Ecommerce.Authentication.Infrastructure", "Infraestructure\Ecommerce.Authentication\Ecommerce.Authentication.Infrastructure\Ecommerce.Authentication.Infrastructure.csproj", "{FCCA96F2-7DB9-4547-9B2B-11ADD443D950}"
EndProject
Project("{E53339B2-1760-4266-BCC7-CA923CBCF16C}") = "docker-compose", "docker-compose.dcproj", "{A92412CF-0A07-452C-9DCF-EF3F436F8FA8}"
EndProject
Project("{2150E333-8FDC-42A3-9474-1A3956D46DE8}") = "frontend", "frontend", "{3D155222-3829-481D-B328-A47A45843EE9}"
EndProject
Global
	GlobalSection(SolutionConfigurationPlatforms) = preSolution
		Debug|Any CPU = Debug|Any CPU
		Release|Any CPU = Release|Any CPU
	EndGlobalSection
	GlobalSection(ProjectConfigurationPlatforms) = postSolution
		{21E9A72C-4560-4BAB-8DBD-99857629D981}.Debug|Any CPU.ActiveCfg = Debug|Any CPU
		{21E9A72C-4560-4BAB-8DBD-99857629D981}.Debug|Any CPU.Build.0 = Debug|Any CPU
		{21E9A72C-4560-4BAB-8DBD-99857629D981}.Release|Any CPU.ActiveCfg = Release|Any CPU
		{21E9A72C-4560-4BAB-8DBD-99857629D981}.Release|Any CPU.Build.0 = Release|Any CPU
		{9E3DDDDA-49F0-4252-B6E4-F44CDD724BC2}.Debug|Any CPU.ActiveCfg = Debug|Any CPU
		{9E3DDDDA-49F0-4252-B6E4-F44CDD724BC2}.Debug|Any CPU.Build.0 = Debug|Any CPU
		{9E3DDDDA-49F0-4252-B6E4-F44CDD724BC2}.Release|Any CPU.ActiveCfg = Release|Any CPU
		{9E3DDDDA-49F0-4252-B6E4-F44CDD724BC2}.Release|Any CPU.Build.0 = Release|Any CPU
		{6925663B-8EAA-495E-8347-61898A372BEB}.Debug|Any CPU.ActiveCfg = Debug|Any CPU
		{6925663B-8EAA-495E-8347-61898A372BEB}.Debug|Any CPU.Build.0 = Debug|Any CPU
		{6925663B-8EAA-495E-8347-61898A372BEB}.Release|Any CPU.ActiveCfg = Release|Any CPU
		{6925663B-8EAA-495E-8347-61898A372BEB}.Release|Any CPU.Build.0 = Release|Any CPU
		{FCCA96F2-7DB9-4547-9B2B-11ADD443D950}.Debug|Any CPU.ActiveCfg = Debug|Any CPU
		{FCCA96F2-7DB9-4547-9B2B-11ADD443D950}.Debug|Any CPU.Build.0 = Debug|Any CPU
		{FCCA96F2-7DB9-4547-9B2B-11ADD443D950}.Release|Any CPU.ActiveCfg = Release|Any CPU
		{FCCA96F2-7DB9-4547-9B2B-11ADD443D950}.Release|Any CPU.Build.0 = Release|Any CPU
		{A92412CF-0A07-452C-9DCF-EF3F436F8FA8}.Debug|Any CPU.ActiveCfg = Debug|Any CPU
		{A92412CF-0A07-452C-9DCF-EF3F436F8FA8}.Debug|Any CPU.Build.0 = Debug|Any CPU
		{A92412CF-0A07-452C-9DCF-EF3F436F8FA8}.Release|Any CPU.ActiveCfg = Release|Any CPU
		{A92412CF-0A07-452C-9DCF-EF3F436F8FA8}.Release|Any CPU.Build.0 = Release|Any CPU
	EndGlobalSection
	GlobalSection(SolutionProperties) = preSolution
		HideSolutionNode = FALSE
	EndGlobalSection
	GlobalSection(NestedProjects) = preSolution
		{C76C033E-8EE4-49A2-B28B-0429FB6F7B56} = {0BE592CB-E906-45D6-8717-B153AD334E2C}
		{21E9A72C-4560-4BAB-8DBD-99857629D981} = {C76C033E-8EE4-49A2-B28B-0429FB6F7B56}
		{9E3DDDDA-49F0-4252-B6E4-F44CDD724BC2} = {C76C033E-8EE4-49A2-B28B-0429FB6F7B56}
		{6925663B-8EAA-495E-8347-61898A372BEB} = {C76C033E-8EE4-49A2-B28B-0429FB6F7B56}
		{FCCA96F2-7DB9-4547-9B2B-11ADD443D950} = {C76C033E-8EE4-49A2-B28B-0429FB6F7B56}
	EndGlobalSection
	GlobalSection(ExtensibilityGlobals) = postSolution
		SolutionGuid = {DA84DBF7-2676-42AE-93F8-2C0A05916359}
	EndGlobalSection
EndGlobal
